// !$*UTF8*$!
{
	archiveVersion = 1;
	classes = {
	};
	objectVersion = 56;
	objects = {

/* Begin PBXBuildFile section */
		0813A2CF2AD6DEFE00428484 /* AppDelegate.swift in Sources */ = {isa = PBXBuildFile; fileRef = 0813A2CE2AD6DEFE00428484 /* AppDelegate.swift */; };
		0813A2D32AD6DEFE00428484 /* Actions.sks in Resources */ = {isa = PBXBuildFile; fileRef = 0813A2D22AD6DEFE00428484 /* Actions.sks */; };
		0813A2D72AD6DEFE00428484 /* GameViewController.swift in Sources */ = {isa = PBXBuildFile; fileRef = 0813A2D62AD6DEFE00428484 /* GameViewController.swift */; };
		0813A2DA2AD6DEFE00428484 /* Main.storyboard in Resources */ = {isa = PBXBuildFile; fileRef = 0813A2D82AD6DEFE00428484 /* Main.storyboard */; };
		0813A2DC2AD6DEFF00428484 /* Assets.xcassets in Resources */ = {isa = PBXBuildFile; fileRef = 0813A2DB2AD6DEFF00428484 /* Assets.xcassets */; };
		0813A2DF2AD6DEFF00428484 /* LaunchScreen.storyboard in Resources */ = {isa = PBXBuildFile; fileRef = 0813A2DD2AD6DEFF00428484 /* LaunchScreen.storyboard */; };
		084E311A2AF1326C000C71A8 /* GameScene.swift in Sources */ = {isa = PBXBuildFile; fileRef = 084E31192AF1326C000C71A8 /* GameScene.swift */; };
		084E311C2AF1327D000C71A8 /* SecondScene.swift in Sources */ = {isa = PBXBuildFile; fileRef = 084E311B2AF1327D000C71A8 /* SecondScene.swift */; };
		084E311E2AF132A4000C71A8 /* TransactionsScene.swift in Sources */ = {isa = PBXBuildFile; fileRef = 084E311D2AF132A4000C71A8 /* TransactionsScene.swift */; };
		08CEE5F42AE1643A00149B83 /* Textures.swift in Sources */ = {isa = PBXBuildFile; fileRef = 08CEE5F32AE1643A00149B83 /* Textures.swift */; };
		08CEE5F62AE1651A00149B83 /* Constants.swift in Sources */ = {isa = PBXBuildFile; fileRef = 08CEE5F52AE1651A00149B83 /* Constants.swift */; };
		08CEE5F82AE1653C00149B83 /* Capybara.swift in Sources */ = {isa = PBXBuildFile; fileRef = 08CEE5F72AE1653C00149B83 /* Capybara.swift */; };
		08CEE5FA2AE167E800149B83 /* Alligator.swift in Sources */ = {isa = PBXBuildFile; fileRef = 08CEE5F92AE167E800149B83 /* Alligator.swift */; };
		08CEE5FC2AE1680800149B83 /* Joystick.swift in Sources */ = {isa = PBXBuildFile; fileRef = 08CEE5FB2AE1680800149B83 /* Joystick.swift */; };
		08E8EE382AE961EC0076F4CE /* GameScene.sks in Resources */ = {isa = PBXBuildFile; fileRef = 08E8EE372AE961EC0076F4CE /* GameScene.sks */; };
		328080712AF26F71009650E3 /* GameOver.swift in Sources */ = {isa = PBXBuildFile; fileRef = 328080702AF26F71009650E3 /* GameOver.swift */; };
		C0D60CA42AE80B910064C863 /* Weapons.swift in Sources */ = {isa = PBXBuildFile; fileRef = C0D60CA32AE80B910064C863 /* Weapons.swift */; };
		F28B1D502AE2C34700F8E596 /* monkey-banana-atack.mp3 in Resources */ = {isa = PBXBuildFile; fileRef = F28B1D4B2AE2C34600F8E596 /* monkey-banana-atack.mp3 */; };
		F28B1D512AE2C34700F8E596 /* alligator-axe-atack.mp3 in Resources */ = {isa = PBXBuildFile; fileRef = F28B1D4C2AE2C34600F8E596 /* alligator-axe-atack.mp3 */; };
		F28B1D522AE2C34700F8E596 /* ambient-forest.mp3 in Resources */ = {isa = PBXBuildFile; fileRef = F28B1D4D2AE2C34600F8E596 /* ambient-forest.mp3 */; };
		F28B1D532AE2C34700F8E596 /* capivara-sword-atack.mp3 in Resources */ = {isa = PBXBuildFile; fileRef = F28B1D4E2AE2C34600F8E596 /* capivara-sword-atack.mp3 */; };
		F28B1D542AE2C34700F8E596 /* capivara-death-menu.mp3 in Resources */ = {isa = PBXBuildFile; fileRef = F28B1D4F2AE2C34700F8E596 /* capivara-death-menu.mp3 */; };
		F2A77F832AE7E7A50030F197 /* AudioPlayerController.swift in Sources */ = {isa = PBXBuildFile; fileRef = F2A77F822AE7E7A50030F197 /* AudioPlayerController.swift */; };
		F2C014B62AE81319000E9B87 /* BackgroundController.swift in Sources */ = {isa = PBXBuildFile; fileRef = F2C014B52AE81319000E9B87 /* BackgroundController.swift */; };
/* End PBXBuildFile section */

/* Begin PBXFileReference section */
		0813A2CB2AD6DEFE00428484 /* Capivarias.app */ = {isa = PBXFileReference; explicitFileType = wrapper.application; includeInIndex = 0; path = Capivarias.app; sourceTree = BUILT_PRODUCTS_DIR; };
		0813A2CE2AD6DEFE00428484 /* AppDelegate.swift */ = {isa = PBXFileReference; lastKnownFileType = sourcecode.swift; path = AppDelegate.swift; sourceTree = "<group>"; };
		0813A2D22AD6DEFE00428484 /* Actions.sks */ = {isa = PBXFileReference; lastKnownFileType = file.sks; path = Actions.sks; sourceTree = "<group>"; };
		0813A2D62AD6DEFE00428484 /* GameViewController.swift */ = {isa = PBXFileReference; lastKnownFileType = sourcecode.swift; path = GameViewController.swift; sourceTree = "<group>"; };
		0813A2D92AD6DEFE00428484 /* Base */ = {isa = PBXFileReference; lastKnownFileType = file.storyboard; name = Base; path = Base.lproj/Main.storyboard; sourceTree = "<group>"; };
		0813A2DB2AD6DEFF00428484 /* Assets.xcassets */ = {isa = PBXFileReference; lastKnownFileType = folder.assetcatalog; path = Assets.xcassets; sourceTree = "<group>"; };
		0813A2DE2AD6DEFF00428484 /* Base */ = {isa = PBXFileReference; lastKnownFileType = file.storyboard; name = Base; path = Base.lproj/LaunchScreen.storyboard; sourceTree = "<group>"; };
		084E31192AF1326C000C71A8 /* GameScene.swift */ = {isa = PBXFileReference; lastKnownFileType = sourcecode.swift; path = GameScene.swift; sourceTree = "<group>"; };
		084E311B2AF1327D000C71A8 /* SecondScene.swift */ = {isa = PBXFileReference; lastKnownFileType = sourcecode.swift; path = SecondScene.swift; sourceTree = "<group>"; };
		084E311D2AF132A4000C71A8 /* TransactionsScene.swift */ = {isa = PBXFileReference; lastKnownFileType = sourcecode.swift; path = TransactionsScene.swift; sourceTree = "<group>"; };
		08CEE5F32AE1643A00149B83 /* Textures.swift */ = {isa = PBXFileReference; lastKnownFileType = sourcecode.swift; path = Textures.swift; sourceTree = "<group>"; };
		08CEE5F52AE1651A00149B83 /* Constants.swift */ = {isa = PBXFileReference; lastKnownFileType = sourcecode.swift; path = Constants.swift; sourceTree = "<group>"; };
		08CEE5F72AE1653C00149B83 /* Capybara.swift */ = {isa = PBXFileReference; lastKnownFileType = sourcecode.swift; path = Capybara.swift; sourceTree = "<group>"; };
		08CEE5F92AE167E800149B83 /* Alligator.swift */ = {isa = PBXFileReference; lastKnownFileType = sourcecode.swift; path = Alligator.swift; sourceTree = "<group>"; };
		08CEE5FB2AE1680800149B83 /* Joystick.swift */ = {isa = PBXFileReference; lastKnownFileType = sourcecode.swift; path = Joystick.swift; sourceTree = "<group>"; };
		08E8EE372AE961EC0076F4CE /* GameScene.sks */ = {isa = PBXFileReference; lastKnownFileType = file.sks; path = GameScene.sks; sourceTree = "<group>"; };
		328080702AF26F71009650E3 /* GameOver.swift */ = {isa = PBXFileReference; lastKnownFileType = sourcecode.swift; path = GameOver.swift; sourceTree = "<group>"; };
		C0D60CA32AE80B910064C863 /* Weapons.swift */ = {isa = PBXFileReference; lastKnownFileType = sourcecode.swift; path = Weapons.swift; sourceTree = "<group>"; };
		F28B1D4B2AE2C34600F8E596 /* monkey-banana-atack.mp3 */ = {isa = PBXFileReference; lastKnownFileType = audio.mp3; path = "monkey-banana-atack.mp3"; sourceTree = "<group>"; };
		F28B1D4C2AE2C34600F8E596 /* alligator-axe-atack.mp3 */ = {isa = PBXFileReference; lastKnownFileType = audio.mp3; path = "alligator-axe-atack.mp3"; sourceTree = "<group>"; };
		F28B1D4D2AE2C34600F8E596 /* ambient-forest.mp3 */ = {isa = PBXFileReference; lastKnownFileType = audio.mp3; path = "ambient-forest.mp3"; sourceTree = "<group>"; };
		F28B1D4E2AE2C34600F8E596 /* capivara-sword-atack.mp3 */ = {isa = PBXFileReference; lastKnownFileType = audio.mp3; path = "capivara-sword-atack.mp3"; sourceTree = "<group>"; };
		F28B1D4F2AE2C34700F8E596 /* capivara-death-menu.mp3 */ = {isa = PBXFileReference; lastKnownFileType = audio.mp3; path = "capivara-death-menu.mp3"; sourceTree = "<group>"; };
		F2A77F822AE7E7A50030F197 /* AudioPlayerController.swift */ = {isa = PBXFileReference; lastKnownFileType = sourcecode.swift; path = AudioPlayerController.swift; sourceTree = "<group>"; };
		F2C014B52AE81319000E9B87 /* BackgroundController.swift */ = {isa = PBXFileReference; lastKnownFileType = sourcecode.swift; path = BackgroundController.swift; sourceTree = "<group>"; };
/* End PBXFileReference section */

/* Begin PBXFrameworksBuildPhase section */
		0813A2C82AD6DEFE00428484 /* Frameworks */ = {
			isa = PBXFrameworksBuildPhase;
			buildActionMask = 2147483647;
			files = (
			);
			runOnlyForDeploymentPostprocessing = 0;
		};
/* End PBXFrameworksBuildPhase section */

/* Begin PBXGroup section */
		0813A2C22AD6DEFE00428484 = {
			isa = PBXGroup;
			children = (
				328080702AF26F71009650E3 /* GameOver.swift */,
				F28B1D482AE2AF6E00F8E596 /* Sounds */,
				0813A2CD2AD6DEFE00428484 /* Capivarias */,
				0813A2CC2AD6DEFE00428484 /* Products */,
			);
			sourceTree = "<group>";
		};
		0813A2CC2AD6DEFE00428484 /* Products */ = {
			isa = PBXGroup;
			children = (
				0813A2CB2AD6DEFE00428484 /* Capivarias.app */,
			);
			name = Products;
			sourceTree = "<group>";
		};
		0813A2CD2AD6DEFE00428484 /* Capivarias */ = {
			isa = PBXGroup;
			children = (
				084E31182AF1323B000C71A8 /* Scenes */,
				08CEE5EF2AE1633F00149B83 /* Auxiliary */,
				08CEE5F22AE163AA00149B83 /* Controllers */,
				08CEE5F02AE1638F00149B83 /* Documents */,
				08CEE5EC2AE1631300149B83 /* Screen Elements */,
				0813A2CE2AD6DEFE00428484 /* AppDelegate.swift */,
				0813A2D82AD6DEFE00428484 /* Main.storyboard */,
				0813A2DB2AD6DEFF00428484 /* Assets.xcassets */,
				0813A2DD2AD6DEFF00428484 /* LaunchScreen.storyboard */,
			);
			path = Capivarias;
			sourceTree = "<group>";
		};
		084E31182AF1323B000C71A8 /* Scenes */ = {
			isa = PBXGroup;
			children = (
				084E31192AF1326C000C71A8 /* GameScene.swift */,
				084E311B2AF1327D000C71A8 /* SecondScene.swift */,
				084E311D2AF132A4000C71A8 /* TransactionsScene.swift */,
			);
			path = Scenes;
			sourceTree = "<group>";
		};
		08CEE5EC2AE1631300149B83 /* Screen Elements */ = {
			isa = PBXGroup;
			children = (
				C0D60CA22AE80B7B0064C863 /* Weapons */,
				08CEE5EE2AE1632A00149B83 /* Characters */,
				08CEE5ED2AE1632300149B83 /* Joystick */,
			);
			path = "Screen Elements";
			sourceTree = "<group>";
		};
		08CEE5ED2AE1632300149B83 /* Joystick */ = {
			isa = PBXGroup;
			children = (
				08CEE5FB2AE1680800149B83 /* Joystick.swift */,
			);
			path = Joystick;
			sourceTree = "<group>";
		};
		08CEE5EE2AE1632A00149B83 /* Characters */ = {
			isa = PBXGroup;
			children = (
				08CEE5F72AE1653C00149B83 /* Capybara.swift */,
				08CEE5F92AE167E800149B83 /* Alligator.swift */,
			);
			path = Characters;
			sourceTree = "<group>";
		};
		08CEE5EF2AE1633F00149B83 /* Auxiliary */ = {
			isa = PBXGroup;
			children = (
				08CEE5F32AE1643A00149B83 /* Textures.swift */,
				08CEE5F52AE1651A00149B83 /* Constants.swift */,
			);
			path = Auxiliary;
			sourceTree = "<group>";
		};
		08CEE5F02AE1638F00149B83 /* Documents */ = {
			isa = PBXGroup;
			children = (
				0813A2D22AD6DEFE00428484 /* Actions.sks */,
				08E8EE372AE961EC0076F4CE /* GameScene.sks */,
			);
			path = Documents;
			sourceTree = "<group>";
		};
		08CEE5F22AE163AA00149B83 /* Controllers */ = {
			isa = PBXGroup;
			children = (
				0813A2D62AD6DEFE00428484 /* GameViewController.swift */,
				F2C014B52AE81319000E9B87 /* BackgroundController.swift */,
				F2A77F822AE7E7A50030F197 /* AudioPlayerController.swift */,
			);
			path = Controllers;
			sourceTree = "<group>";
		};
		C0D60CA22AE80B7B0064C863 /* Weapons */ = {
			isa = PBXGroup;
			children = (
				C0D60CA32AE80B910064C863 /* Weapons.swift */,
			);
			path = Weapons;
			sourceTree = "<group>";
		};
		F28B1D482AE2AF6E00F8E596 /* Sounds */ = {
			isa = PBXGroup;
			children = (
				F28B1D4D2AE2C34600F8E596 /* ambient-forest.mp3 */,
				F28B1D4F2AE2C34700F8E596 /* capivara-death-menu.mp3 */,
				F28B1D4E2AE2C34600F8E596 /* capivara-sword-atack.mp3 */,
				F28B1D4C2AE2C34600F8E596 /* alligator-axe-atack.mp3 */,
				F28B1D4B2AE2C34600F8E596 /* monkey-banana-atack.mp3 */,
			);
			path = Sounds;
			sourceTree = "<group>";
		};
/* End PBXGroup section */

/* Begin PBXNativeTarget section */
		0813A2CA2AD6DEFE00428484 /* Capivarias */ = {
			isa = PBXNativeTarget;
			buildConfigurationList = 0813A2E22AD6DEFF00428484 /* Build configuration list for PBXNativeTarget "Capivarias" */;
			buildPhases = (
				0813A2C72AD6DEFE00428484 /* Sources */,
				0813A2C82AD6DEFE00428484 /* Frameworks */,
				0813A2C92AD6DEFE00428484 /* Resources */,
			);
			buildRules = (
			);
			dependencies = (
			);
			name = Capivarias;
			productName = Capivarias;
			productReference = 0813A2CB2AD6DEFE00428484 /* Capivarias.app */;
			productType = "com.apple.product-type.application";
		};
/* End PBXNativeTarget section */

/* Begin PBXProject section */
		0813A2C32AD6DEFE00428484 /* Project object */ = {
			isa = PBXProject;
			attributes = {
				BuildIndependentTargetsInParallel = 1;
				LastSwiftUpdateCheck = 1500;
				LastUpgradeCheck = 1500;
				TargetAttributes = {
					0813A2CA2AD6DEFE00428484 = {
						CreatedOnToolsVersion = 15.0;
					};
				};
			};
			buildConfigurationList = 0813A2C62AD6DEFE00428484 /* Build configuration list for PBXProject "Capivarias" */;
			compatibilityVersion = "Xcode 14.0";
			developmentRegion = en;
			hasScannedForEncodings = 0;
			knownRegions = (
				en,
				Base,
			);
			mainGroup = 0813A2C22AD6DEFE00428484;
			productRefGroup = 0813A2CC2AD6DEFE00428484 /* Products */;
			projectDirPath = "";
			projectRoot = "";
			targets = (
				0813A2CA2AD6DEFE00428484 /* Capivarias */,
			);
		};
/* End PBXProject section */

/* Begin PBXResourcesBuildPhase section */
		0813A2C92AD6DEFE00428484 /* Resources */ = {
			isa = PBXResourcesBuildPhase;
			buildActionMask = 2147483647;
			files = (
				F28B1D522AE2C34700F8E596 /* ambient-forest.mp3 in Resources */,
				F28B1D532AE2C34700F8E596 /* capivara-sword-atack.mp3 in Resources */,
				0813A2DA2AD6DEFE00428484 /* Main.storyboard in Resources */,
				F28B1D542AE2C34700F8E596 /* capivara-death-menu.mp3 in Resources */,
				0813A2DC2AD6DEFF00428484 /* Assets.xcassets in Resources */,
				F28B1D512AE2C34700F8E596 /* alligator-axe-atack.mp3 in Resources */,
				08E8EE382AE961EC0076F4CE /* GameScene.sks in Resources */,
				F28B1D502AE2C34700F8E596 /* monkey-banana-atack.mp3 in Resources */,
				0813A2DF2AD6DEFF00428484 /* LaunchScreen.storyboard in Resources */,
				0813A2D32AD6DEFE00428484 /* Actions.sks in Resources */,
			);
			runOnlyForDeploymentPostprocessing = 0;
		};
/* End PBXResourcesBuildPhase section */

/* Begin PBXSourcesBuildPhase section */
		0813A2C72AD6DEFE00428484 /* Sources */ = {
			isa = PBXSourcesBuildPhase;
			buildActionMask = 2147483647;
			files = (
				08CEE5F62AE1651A00149B83 /* Constants.swift in Sources */,
				08CEE5FC2AE1680800149B83 /* Joystick.swift in Sources */,
				F2A77F832AE7E7A50030F197 /* AudioPlayerController.swift in Sources */,
				F2C014B62AE81319000E9B87 /* BackgroundController.swift in Sources */,
				08CEE5FA2AE167E800149B83 /* Alligator.swift in Sources */,
				084E311A2AF1326C000C71A8 /* GameScene.swift in Sources */,
				084E311C2AF1327D000C71A8 /* SecondScene.swift in Sources */,
				08CEE5F42AE1643A00149B83 /* Textures.swift in Sources */,
				0813A2D72AD6DEFE00428484 /* GameViewController.swift in Sources */,
				328080712AF26F71009650E3 /* GameOver.swift in Sources */,
				08CEE5F82AE1653C00149B83 /* Capybara.swift in Sources */,
				0813A2CF2AD6DEFE00428484 /* AppDelegate.swift in Sources */,
				C0D60CA42AE80B910064C863 /* Weapons.swift in Sources */,
				084E311E2AF132A4000C71A8 /* TransactionsScene.swift in Sources */,
			);
			runOnlyForDeploymentPostprocessing = 0;
		};
/* End PBXSourcesBuildPhase section */

/* Begin PBXVariantGroup section */
		0813A2D82AD6DEFE00428484 /* Main.storyboard */ = {
			isa = PBXVariantGroup;
			children = (
				0813A2D92AD6DEFE00428484 /* Base */,
			);
			name = Main.storyboard;
			sourceTree = "<group>";
		};
		0813A2DD2AD6DEFF00428484 /* LaunchScreen.storyboard */ = {
			isa = PBXVariantGroup;
			children = (
				0813A2DE2AD6DEFF00428484 /* Base */,
			);
			name = LaunchScreen.storyboard;
			sourceTree = "<group>";
		};
/* End PBXVariantGroup section */

/* Begin XCBuildConfiguration section */
		0813A2E02AD6DEFF00428484 /* Debug */ = {
			isa = XCBuildConfiguration;
			buildSettings = {
				ALWAYS_SEARCH_USER_PATHS = NO;
				ASSETCATALOG_COMPILER_GENERATE_SWIFT_ASSET_SYMBOL_EXTENSIONS = YES;
				CLANG_ANALYZER_NONNULL = YES;
				CLANG_ANALYZER_NUMBER_OBJECT_CONVERSION = YES_AGGRESSIVE;
				CLANG_CXX_LANGUAGE_STANDARD = "gnu++20";
				CLANG_ENABLE_MODULES = YES;
				CLANG_ENABLE_OBJC_ARC = YES;
				CLANG_ENABLE_OBJC_WEAK = YES;
				CLANG_WARN_BLOCK_CAPTURE_AUTORELEASING = YES;
				CLANG_WARN_BOOL_CONVERSION = YES;
				CLANG_WARN_COMMA = YES;
				CLANG_WARN_CONSTANT_CONVERSION = YES;
				CLANG_WARN_DEPRECATED_OBJC_IMPLEMENTATIONS = YES;
				CLANG_WARN_DIRECT_OBJC_ISA_USAGE = YES_ERROR;
				CLANG_WARN_DOCUMENTATION_COMMENTS = YES;
				CLANG_WARN_EMPTY_BODY = YES;
				CLANG_WARN_ENUM_CONVERSION = YES;
				CLANG_WARN_INFINITE_RECURSION = YES;
				CLANG_WARN_INT_CONVERSION = YES;
				CLANG_WARN_NON_LITERAL_NULL_CONVERSION = YES;
				CLANG_WARN_OBJC_IMPLICIT_RETAIN_SELF = YES;
				CLANG_WARN_OBJC_LITERAL_CONVERSION = YES;
				CLANG_WARN_OBJC_ROOT_CLASS = YES_ERROR;
				CLANG_WARN_QUOTED_INCLUDE_IN_FRAMEWORK_HEADER = YES;
				CLANG_WARN_RANGE_LOOP_ANALYSIS = YES;
				CLANG_WARN_STRICT_PROTOTYPES = YES;
				CLANG_WARN_SUSPICIOUS_MOVE = YES;
				CLANG_WARN_UNGUARDED_AVAILABILITY = YES_AGGRESSIVE;
				CLANG_WARN_UNREACHABLE_CODE = YES;
				CLANG_WARN__DUPLICATE_METHOD_MATCH = YES;
				COPY_PHASE_STRIP = NO;
				DEBUG_INFORMATION_FORMAT = dwarf;
				ENABLE_STRICT_OBJC_MSGSEND = YES;
				ENABLE_TESTABILITY = YES;
				ENABLE_USER_SCRIPT_SANDBOXING = YES;
				GCC_C_LANGUAGE_STANDARD = gnu17;
				GCC_DYNAMIC_NO_PIC = NO;
				GCC_NO_COMMON_BLOCKS = YES;
				GCC_OPTIMIZATION_LEVEL = 0;
				GCC_PREPROCESSOR_DEFINITIONS = (
					"DEBUG=1",
					"$(inherited)",
				);
				GCC_WARN_64_TO_32_BIT_CONVERSION = YES;
				GCC_WARN_ABOUT_RETURN_TYPE = YES_ERROR;
				GCC_WARN_UNDECLARED_SELECTOR = YES;
				GCC_WARN_UNINITIALIZED_AUTOS = YES_AGGRESSIVE;
				GCC_WARN_UNUSED_FUNCTION = YES;
				GCC_WARN_UNUSED_VARIABLE = YES;
				IPHONEOS_DEPLOYMENT_TARGET = 17.0;
				LOCALIZATION_PREFERS_STRING_CATALOGS = YES;
				MTL_ENABLE_DEBUG_INFO = INCLUDE_SOURCE;
				MTL_FAST_MATH = YES;
				ONLY_ACTIVE_ARCH = YES;
				SDKROOT = iphoneos;
				SWIFT_ACTIVE_COMPILATION_CONDITIONS = "DEBUG $(inherited)";
				SWIFT_OPTIMIZATION_LEVEL = "-Onone";
			};
			name = Debug;
		};
		0813A2E12AD6DEFF00428484 /* Release */ = {
			isa = XCBuildConfiguration;
			buildSettings = {
				ALWAYS_SEARCH_USER_PATHS = NO;
				ASSETCATALOG_COMPILER_GENERATE_SWIFT_ASSET_SYMBOL_EXTENSIONS = YES;
				CLANG_ANALYZER_NONNULL = YES;
				CLANG_ANALYZER_NUMBER_OBJECT_CONVERSION = YES_AGGRESSIVE;
				CLANG_CXX_LANGUAGE_STANDARD = "gnu++20";
				CLANG_ENABLE_MODULES = YES;
				CLANG_ENABLE_OBJC_ARC = YES;
				CLANG_ENABLE_OBJC_WEAK = YES;
				CLANG_WARN_BLOCK_CAPTURE_AUTORELEASING = YES;
				CLANG_WARN_BOOL_CONVERSION = YES;
				CLANG_WARN_COMMA = YES;
				CLANG_WARN_CONSTANT_CONVERSION = YES;
				CLANG_WARN_DEPRECATED_OBJC_IMPLEMENTATIONS = YES;
				CLANG_WARN_DIRECT_OBJC_ISA_USAGE = YES_ERROR;
				CLANG_WARN_DOCUMENTATION_COMMENTS = YES;
				CLANG_WARN_EMPTY_BODY = YES;
				CLANG_WARN_ENUM_CONVERSION = YES;
				CLANG_WARN_INFINITE_RECURSION = YES;
				CLANG_WARN_INT_CONVERSION = YES;
				CLANG_WARN_NON_LITERAL_NULL_CONVERSION = YES;
				CLANG_WARN_OBJC_IMPLICIT_RETAIN_SELF = YES;
				CLANG_WARN_OBJC_LITERAL_CONVERSION = YES;
				CLANG_WARN_OBJC_ROOT_CLASS = YES_ERROR;
				CLANG_WARN_QUOTED_INCLUDE_IN_FRAMEWORK_HEADER = YES;
				CLANG_WARN_RANGE_LOOP_ANALYSIS = YES;
				CLANG_WARN_STRICT_PROTOTYPES = YES;
				CLANG_WARN_SUSPICIOUS_MOVE = YES;
				CLANG_WARN_UNGUARDED_AVAILABILITY = YES_AGGRESSIVE;
				CLANG_WARN_UNREACHABLE_CODE = YES;
				CLANG_WARN__DUPLICATE_METHOD_MATCH = YES;
				COPY_PHASE_STRIP = NO;
				DEBUG_INFORMATION_FORMAT = "dwarf-with-dsym";
				ENABLE_NS_ASSERTIONS = NO;
				ENABLE_STRICT_OBJC_MSGSEND = YES;
				ENABLE_USER_SCRIPT_SANDBOXING = YES;
				GCC_C_LANGUAGE_STANDARD = gnu17;
				GCC_NO_COMMON_BLOCKS = YES;
				GCC_WARN_64_TO_32_BIT_CONVERSION = YES;
				GCC_WARN_ABOUT_RETURN_TYPE = YES_ERROR;
				GCC_WARN_UNDECLARED_SELECTOR = YES;
				GCC_WARN_UNINITIALIZED_AUTOS = YES_AGGRESSIVE;
				GCC_WARN_UNUSED_FUNCTION = YES;
				GCC_WARN_UNUSED_VARIABLE = YES;
				IPHONEOS_DEPLOYMENT_TARGET = 17.0;
				LOCALIZATION_PREFERS_STRING_CATALOGS = YES;
				MTL_ENABLE_DEBUG_INFO = NO;
				MTL_FAST_MATH = YES;
				SDKROOT = iphoneos;
				SWIFT_COMPILATION_MODE = wholemodule;
				VALIDATE_PRODUCT = YES;
			};
			name = Release;
		};
		0813A2E32AD6DEFF00428484 /* Debug */ = {
			isa = XCBuildConfiguration;
			buildSettings = {
				ASSETCATALOG_COMPILER_APPICON_NAME = AppIcon;
				ASSETCATALOG_COMPILER_GLOBAL_ACCENT_COLOR_NAME = AccentColor;
				CODE_SIGN_STYLE = Automatic;
				CURRENT_PROJECT_VERSION = 1;
				DEVELOPMENT_TEAM = X375XF3WN3;
				GENERATE_INFOPLIST_FILE = YES;
				INFOPLIST_KEY_UIApplicationSupportsIndirectInputEvents = YES;
				INFOPLIST_KEY_UILaunchStoryboardName = LaunchScreen;
				INFOPLIST_KEY_UIMainStoryboardFile = Main;
				INFOPLIST_KEY_UIStatusBarHidden = YES;
				INFOPLIST_KEY_UISupportedInterfaceOrientations = "UIInterfaceOrientationLandscapeLeft UIInterfaceOrientationLandscapeRight UIInterfaceOrientationPortrait";
				INFOPLIST_KEY_UISupportedInterfaceOrientations_iPad = "UIInterfaceOrientationLandscapeLeft UIInterfaceOrientationLandscapeRight";
				LD_RUNPATH_SEARCH_PATHS = (
					"$(inherited)",
					"@executable_path/Frameworks",
				);
				MARKETING_VERSION = 1.0;
				PRODUCT_BUNDLE_IDENTIFIER = com.Capivarias;
				PRODUCT_NAME = "$(TARGET_NAME)";
				SUPPORTED_PLATFORMS = "iphoneos iphonesimulator";
				SUPPORTS_MACCATALYST = NO;
				SUPPORTS_MAC_DESIGNED_FOR_IPHONE_IPAD = NO;
				SWIFT_EMIT_LOC_STRINGS = YES;
				SWIFT_VERSION = 5.0;
				TARGETED_DEVICE_FAMILY = 2;
			};
			name = Debug;
		};
		0813A2E42AD6DEFF00428484 /* Release */ = {
			isa = XCBuildConfiguration;
			buildSettings = {
				ASSETCATALOG_COMPILER_APPICON_NAME = AppIcon;
				ASSETCATALOG_COMPILER_GLOBAL_ACCENT_COLOR_NAME = AccentColor;
				CODE_SIGN_STYLE = Automatic;
				CURRENT_PROJECT_VERSION = 1;
				DEVELOPMENT_TEAM = X375XF3WN3;
				GENERATE_INFOPLIST_FILE = YES;
				INFOPLIST_KEY_UIApplicationSupportsIndirectInputEvents = YES;
				INFOPLIST_KEY_UILaunchStoryboardName = LaunchScreen;
				INFOPLIST_KEY_UIMainStoryboardFile = Main;
				INFOPLIST_KEY_UIStatusBarHidden = YES;
				INFOPLIST_KEY_UISupportedInterfaceOrientations = "UIInterfaceOrientationLandscapeLeft UIInterfaceOrientationLandscapeRight UIInterfaceOrientationPortrait";
				INFOPLIST_KEY_UISupportedInterfaceOrientations_iPad = "UIInterfaceOrientationLandscapeLeft UIInterfaceOrientationLandscapeRight";
				LD_RUNPATH_SEARCH_PATHS = (
					"$(inherited)",
					"@executable_path/Frameworks",
				);
				MARKETING_VERSION = 1.0;
				PRODUCT_BUNDLE_IDENTIFIER = com.Capivarias;
				PRODUCT_NAME = "$(TARGET_NAME)";
				SUPPORTED_PLATFORMS = "iphoneos iphonesimulator";
				SUPPORTS_MACCATALYST = NO;
				SUPPORTS_MAC_DESIGNED_FOR_IPHONE_IPAD = NO;
				SWIFT_EMIT_LOC_STRINGS = YES;
				SWIFT_VERSION = 5.0;
				TARGETED_DEVICE_FAMILY = 2;
			};
			name = Release;
		};
/* End XCBuildConfiguration section */

/* Begin XCConfigurationList section */
		0813A2C62AD6DEFE00428484 /* Build configuration list for PBXProject "Capivarias" */ = {
			isa = XCConfigurationList;
			buildConfigurations = (
				0813A2E02AD6DEFF00428484 /* Debug */,
				0813A2E12AD6DEFF00428484 /* Release */,
			);
			defaultConfigurationIsVisible = 0;
			defaultConfigurationName = Release;
		};
		0813A2E22AD6DEFF00428484 /* Build configuration list for PBXNativeTarget "Capivarias" */ = {
			isa = XCConfigurationList;
			buildConfigurations = (
				0813A2E32AD6DEFF00428484 /* Debug */,
				0813A2E42AD6DEFF00428484 /* Release */,
			);
			defaultConfigurationIsVisible = 0;
			defaultConfigurationName = Release;
		};
/* End XCConfigurationList section */
	};
	rootObject = 0813A2C32AD6DEFE00428484 /* Project object */;
}
